
Microsoft Visual Studio Solution File, Format Version 12.00
# Visual Studio Version 17
VisualStudioVersion = 17.5.33530.505
MinimumVisualStudioVersion = 10.0.40219.1
Project("{9A19103F-16F7-4668-BE54-9A1E7A4F7556}") = "Tienda En Linea", "Tienda En Linea\Tienda En Linea.csproj", "{D535FA5D-9A64-4957-9DA4-A723385A1390}"
EndProject
Global
	GlobalSection(SolutionConfigurationPlatforms) = preSolution
		Debug|Any CPU = Debug|Any CPU
		Release|Any CPU = Release|Any CPU
	EndGlobalSection
	GlobalSection(ProjectConfigurationPlatforms) = postSolution
		{D535FA5D-9A64-4957-9DA4-A723385A1390}.Debug|Any CPU.ActiveCfg = Debug|Any CPU
		{D535FA5D-9A64-4957-9DA4-A723385A1390}.Debug|Any CPU.Build.0 = Debug|Any CPU
		{D535FA5D-9A64-4957-9DA4-A723385A1390}.Release|Any CPU.ActiveCfg = Release|Any CPU
		{D535FA5D-9A64-4957-9DA4-A723385A1390}.Release|Any CPU.Build.0 = Release|Any CPU
	EndGlobalSection
	GlobalSection(SolutionProperties) = preSolution
		HideSolutionNode = FALSE
	EndGlobalSection
	GlobalSection(ExtensibilityGlobals) = postSolution
		SolutionGuid = {FBE4B0D7-1DD9-4B39-BC7A-8935ACFBB73B}
	EndGlobalSection
EndGlobal
